
Microsoft Visual Studio Solution File, Format Version 12.00
# Visual Studio 14
VisualStudioVersion = 14.0.25420.1
MinimumVisualStudioVersion = 10.0.40219.1
Project("{E24C65DC-7377-472B-9ABA-BC803B73C61A}") = "ShopManagementWebApp", ".", "{3BF3AC59-AE07-4549-B1A3-2F7DB5DE41A0}"
	ProjectSection(WebsiteProperties) = preProject
		TargetFrameworkMoniker = ".NETFramework,Version%3Dv4.5.2"
		Debug.AspNetCompiler.VirtualPath = "/localhost_54817"
		Debug.AspNetCompiler.PhysicalPath = "..\ShopManagementWebApp\"
		Debug.AspNetCompiler.TargetPath = "PrecompiledWeb\localhost_54817\"
		Debug.AspNetCompiler.Updateable = "true"
		Debug.AspNetCompiler.ForceOverwrite = "true"
		Debug.AspNetCompiler.FixedNames = "false"
		Debug.AspNetCompiler.Debug = "True"
		Release.AspNetCompiler.VirtualPath = "/localhost_54817"
		Release.AspNetCompiler.PhysicalPath = "..\ShopManagementWebApp\"
		Release.AspNetCompiler.TargetPath = "PrecompiledWeb\localhost_54817\"
		Release.AspNetCompiler.Updateable = "true"
		Release.AspNetCompiler.ForceOverwrite = "true"
		Release.AspNetCompiler.FixedNames = "false"
		Release.AspNetCompiler.Debug = "False"
		VWDPort = "54817"
		SlnRelativePath = "..\ShopManagementWebApp\"
	EndProjectSection
EndProject
Global
	GlobalSection(SolutionConfigurationPlatforms) = preSolution
		Debug|Any CPU = Debug|Any CPU
	EndGlobalSection
	GlobalSection(ProjectConfigurationPlatforms) = postSolution
		{3BF3AC59-AE07-4549-B1A3-2F7DB5DE41A0}.Debug|Any CPU.ActiveCfg = Debug|Any CPU
		{3BF3AC59-AE07-4549-B1A3-2F7DB5DE41A0}.Debug|Any CPU.Build.0 = Debug|Any CPU
	EndGlobalSection
	GlobalSection(SolutionProperties) = preSolution
		HideSolutionNode = FALSE
	EndGlobalSection
EndGlobal
